
Microsoft Visual Studio Solution File, Format Version 12.00
# Visual Studio Version 17
VisualStudioVersion = 17.11.35327.3
MinimumVisualStudioVersion = 10.0.40219.1
Project("{FAE04EC0-301F-11D3-BF4B-00C04F79EFBC}") = "Set2Ex11", "Set2Ex11.csproj", "{F2DAD3B2-86AD-4B5B-8F4C-3FEB82CD487C}"
EndProject
Global
	GlobalSection(SolutionConfigurationPlatforms) = preSolution
		Debug|Any CPU = Debug|Any CPU
		Release|Any CPU = Release|Any CPU
	EndGlobalSection
	GlobalSection(ProjectConfigurationPlatforms) = postSolution
		{F2DAD3B2-86AD-4B5B-8F4C-3FEB82CD487C}.Debug|Any CPU.ActiveCfg = Debug|Any CPU
		{F2DAD3B2-86AD-4B5B-8F4C-3FEB82CD487C}.Debug|Any CPU.Build.0 = Debug|Any CPU
		{F2DAD3B2-86AD-4B5B-8F4C-3FEB82CD487C}.Release|Any CPU.ActiveCfg = Release|Any CPU
		{F2DAD3B2-86AD-4B5B-8F4C-3FEB82CD487C}.Release|Any CPU.Build.0 = Release|Any CPU
	EndGlobalSection
	GlobalSection(SolutionProperties) = preSolution
		HideSolutionNode = FALSE
	EndGlobalSection
	GlobalSection(ExtensibilityGlobals) = postSolution
		SolutionGuid = {A87D979C-F9AA-48DC-AC76-AEAA99050B8B}
	EndGlobalSection
EndGlobal
